
Microsoft Visual Studio Solution File, Format Version 12.00
# Visual Studio Version 17
VisualStudioVersion = 17.7.34202.233
MinimumVisualStudioVersion = 10.0.40219.1
Project("{FAE04EC0-301F-11D3-BF4B-00C04F79EFBC}") = "LevelUpRaylib", "LevelUpRaylib.csproj", "{D717471F-102C-4C5D-98E8-B4AE8837E1B2}"
EndProject
Global
	GlobalSection(SolutionConfigurationPlatforms) = preSolution
		Debug|Any CPU = Debug|Any CPU
		Release|Any CPU = Release|Any CPU
	EndGlobalSection
	GlobalSection(ProjectConfigurationPlatforms) = postSolution
		{D717471F-102C-4C5D-98E8-B4AE8837E1B2}.Debug|Any CPU.ActiveCfg = Debug|Any CPU
		{D717471F-102C-4C5D-98E8-B4AE8837E1B2}.Debug|Any CPU.Build.0 = Debug|Any CPU
		{D717471F-102C-4C5D-98E8-B4AE8837E1B2}.Release|Any CPU.ActiveCfg = Release|Any CPU
		{D717471F-102C-4C5D-98E8-B4AE8837E1B2}.Release|Any CPU.Build.0 = Release|Any CPU
	EndGlobalSection
	GlobalSection(SolutionProperties) = preSolution
		HideSolutionNode = FALSE
	EndGlobalSection
	GlobalSection(ExtensibilityGlobals) = postSolution
		SolutionGuid = {919D791A-27A3-4E67-92DB-1433AFF3CBBB}
	EndGlobalSection
EndGlobal
